
Microsoft Visual Studio Solution File, Format Version 12.00
# Visual Studio Version 17
VisualStudioVersion = 17.6.33829.357
MinimumVisualStudioVersion = 10.0.40219.1
Project("{9A19103F-16F7-4668-BE54-9A1E7A4F7556}") = "ViewBagSample", "ViewBagSample.csproj", "{1C771AD0-9BCA-4D0F-8B08-20A3829B852F}"
EndProject
Project("{FAE04EC0-301F-11D3-BF4B-00C04F79EFBC}") = "ViewComponentSample", "..\ViewComponentSample\ViewComponentSample.csproj", "{216C8B08-0C0F-470B-8439-5FCF5D88865C}"
EndProject
Global
	GlobalSection(SolutionConfigurationPlatforms) = preSolution
		Debug|Any CPU = Debug|Any CPU
		Release|Any CPU = Release|Any CPU
	EndGlobalSection
	GlobalSection(ProjectConfigurationPlatforms) = postSolution
		{1C771AD0-9BCA-4D0F-8B08-20A3829B852F}.Debug|Any CPU.ActiveCfg = Debug|Any CPU
		{1C771AD0-9BCA-4D0F-8B08-20A3829B852F}.Debug|Any CPU.Build.0 = Debug|Any CPU
		{1C771AD0-9BCA-4D0F-8B08-20A3829B852F}.Release|Any CPU.ActiveCfg = Release|Any CPU
		{1C771AD0-9BCA-4D0F-8B08-20A3829B852F}.Release|Any CPU.Build.0 = Release|Any CPU
		{216C8B08-0C0F-470B-8439-5FCF5D88865C}.Debug|Any CPU.ActiveCfg = Debug|Any CPU
		{216C8B08-0C0F-470B-8439-5FCF5D88865C}.Debug|Any CPU.Build.0 = Debug|Any CPU
		{216C8B08-0C0F-470B-8439-5FCF5D88865C}.Release|Any CPU.ActiveCfg = Release|Any CPU
		{216C8B08-0C0F-470B-8439-5FCF5D88865C}.Release|Any CPU.Build.0 = Release|Any CPU
	EndGlobalSection
	GlobalSection(SolutionProperties) = preSolution
		HideSolutionNode = FALSE
	EndGlobalSection
	GlobalSection(ExtensibilityGlobals) = postSolution
		SolutionGuid = {3847FF57-93DA-4855-A852-27B6ADAEFB05}
	EndGlobalSection
EndGlobal
