
Microsoft Visual Studio Solution File, Format Version 12.00
# Visual Studio Version 17
VisualStudioVersion = 17.6.33829.357
MinimumVisualStudioVersion = 10.0.40219.1
Project("{9A19103F-16F7-4668-BE54-9A1E7A4F7556}") = "DataLayer", "..\DataAccess\DataLayer.csproj", "{A688D415-E5C6-48D8-87EA-2C8A63DC8E52}"
EndProject
Project("{9A19103F-16F7-4668-BE54-9A1E7A4F7556}") = "BusinessLayer", "..\BE\BusinessLayer.csproj", "{EFA50D88-9834-4EF9-A7C0-8EBD1AD8480F}"
EndProject
Project("{9A19103F-16F7-4668-BE54-9A1E7A4F7556}") = "UserDetails", "..\LoginPage\UserDetails\UserDetails.csproj", "{E13808DC-6136-4A44-A0CD-B5B5DC356BFC}"
EndProject
Project("{9A19103F-16F7-4668-BE54-9A1E7A4F7556}") = "ApplicationTestCodes", "..\ApplicationTestCodes\ApplicationTestCodes.csproj", "{AB952DA4-1032-42FC-A657-8B7F390937FC}"
EndProject
Project("{FAE04EC0-301F-11D3-BF4B-00C04F79EFBC}") = "Presentation_Layer", "..\Presentation_Layer\Presentation_Layer.csproj", "{0759858C-8686-4A51-9046-BD0D34D6E95E}"
EndProject
Global
	GlobalSection(SolutionConfigurationPlatforms) = preSolution
		Debug|Any CPU = Debug|Any CPU
		Release|Any CPU = Release|Any CPU
	EndGlobalSection
	GlobalSection(ProjectConfigurationPlatforms) = postSolution
		{A688D415-E5C6-48D8-87EA-2C8A63DC8E52}.Debug|Any CPU.ActiveCfg = Debug|Any CPU
		{A688D415-E5C6-48D8-87EA-2C8A63DC8E52}.Debug|Any CPU.Build.0 = Debug|Any CPU
		{A688D415-E5C6-48D8-87EA-2C8A63DC8E52}.Release|Any CPU.ActiveCfg = Release|Any CPU
		{A688D415-E5C6-48D8-87EA-2C8A63DC8E52}.Release|Any CPU.Build.0 = Release|Any CPU
		{EFA50D88-9834-4EF9-A7C0-8EBD1AD8480F}.Debug|Any CPU.ActiveCfg = Debug|Any CPU
		{EFA50D88-9834-4EF9-A7C0-8EBD1AD8480F}.Debug|Any CPU.Build.0 = Debug|Any CPU
		{EFA50D88-9834-4EF9-A7C0-8EBD1AD8480F}.Release|Any CPU.ActiveCfg = Release|Any CPU
		{EFA50D88-9834-4EF9-A7C0-8EBD1AD8480F}.Release|Any CPU.Build.0 = Release|Any CPU
		{E13808DC-6136-4A44-A0CD-B5B5DC356BFC}.Debug|Any CPU.ActiveCfg = Debug|Any CPU
		{E13808DC-6136-4A44-A0CD-B5B5DC356BFC}.Debug|Any CPU.Build.0 = Debug|Any CPU
		{E13808DC-6136-4A44-A0CD-B5B5DC356BFC}.Release|Any CPU.ActiveCfg = Release|Any CPU
		{E13808DC-6136-4A44-A0CD-B5B5DC356BFC}.Release|Any CPU.Build.0 = Release|Any CPU
		{AB952DA4-1032-42FC-A657-8B7F390937FC}.Debug|Any CPU.ActiveCfg = Debug|Any CPU
		{AB952DA4-1032-42FC-A657-8B7F390937FC}.Debug|Any CPU.Build.0 = Debug|Any CPU
		{AB952DA4-1032-42FC-A657-8B7F390937FC}.Release|Any CPU.ActiveCfg = Release|Any CPU
		{AB952DA4-1032-42FC-A657-8B7F390937FC}.Release|Any CPU.Build.0 = Release|Any CPU
		{0759858C-8686-4A51-9046-BD0D34D6E95E}.Debug|Any CPU.ActiveCfg = Debug|Any CPU
		{0759858C-8686-4A51-9046-BD0D34D6E95E}.Debug|Any CPU.Build.0 = Debug|Any CPU
		{0759858C-8686-4A51-9046-BD0D34D6E95E}.Release|Any CPU.ActiveCfg = Release|Any CPU
		{0759858C-8686-4A51-9046-BD0D34D6E95E}.Release|Any CPU.Build.0 = Release|Any CPU
	EndGlobalSection
	GlobalSection(SolutionProperties) = preSolution
		HideSolutionNode = FALSE
	EndGlobalSection
	GlobalSection(ExtensibilityGlobals) = postSolution
		SolutionGuid = {270EB9C1-68FE-4F39-A6EC-CDB672A851F0}
	EndGlobalSection
EndGlobal
